
Microsoft Visual Studio Solution File, Format Version 11.00
# Visual Studio 2010
Project("{FAE04EC0-301F-11D3-BF4B-00C04F79EFBC}") = "Diziler", "Diziler\Diziler.csproj", "{E0A5EB94-216E-453E-AF88-A911DF5C3A21}"
EndProject
Global
	GlobalSection(SolutionConfigurationPlatforms) = preSolution
		Debug|x86 = Debug|x86
		Release|x86 = Release|x86
	EndGlobalSection
	GlobalSection(ProjectConfigurationPlatforms) = postSolution
		{E0A5EB94-216E-453E-AF88-A911DF5C3A21}.Debug|x86.ActiveCfg = Debug|x86
		{E0A5EB94-216E-453E-AF88-A911DF5C3A21}.Debug|x86.Build.0 = Debug|x86
		{E0A5EB94-216E-453E-AF88-A911DF5C3A21}.Release|x86.ActiveCfg = Release|x86
		{E0A5EB94-216E-453E-AF88-A911DF5C3A21}.Release|x86.Build.0 = Release|x86
	EndGlobalSection
	GlobalSection(SolutionProperties) = preSolution
		HideSolutionNode = FALSE
	EndGlobalSection
EndGlobal
